
Microsoft Visual Studio Solution File, Format Version 12.00
# Visual Studio 15
VisualStudioVersion = 15.0.27703.2047
MinimumVisualStudioVersion = 10.0.40219.1
Project("{FAE04EC0-301F-11D3-BF4B-00C04F79EFBC}") = "TFS.CopyWorkItem", "TFS.CopyWorkItem\TFS.CopyWorkItem.csproj", "{CA0A7209-0622-42B7-A1A4-53FB8095AF82}"
EndProject
Global
	GlobalSection(SolutionConfigurationPlatforms) = preSolution
		Debug|Any CPU = Debug|Any CPU
		Release|Any CPU = Release|Any CPU
	EndGlobalSection
	GlobalSection(ProjectConfigurationPlatforms) = postSolution
		{CA0A7209-0622-42B7-A1A4-53FB8095AF82}.Debug|Any CPU.ActiveCfg = Debug|Any CPU
		{CA0A7209-0622-42B7-A1A4-53FB8095AF82}.Debug|Any CPU.Build.0 = Debug|Any CPU
		{CA0A7209-0622-42B7-A1A4-53FB8095AF82}.Release|Any CPU.ActiveCfg = Release|Any CPU
		{CA0A7209-0622-42B7-A1A4-53FB8095AF82}.Release|Any CPU.Build.0 = Release|Any CPU
	EndGlobalSection
	GlobalSection(SolutionProperties) = preSolution
		HideSolutionNode = FALSE
	EndGlobalSection
	GlobalSection(ExtensibilityGlobals) = postSolution
		SolutionGuid = {39AC2AC6-CAFF-4214-AC30-9C9640D21281}
	EndGlobalSection
EndGlobal
